// !$*UTF8*$!
{
	archiveVersion = 1;
	classes = {
	};
	objectVersion = 48;
	objects = {

/* Begin PBXBuildFile section */
		8F0EC0152005FF49008D85C8 /* FunctionalHttpNetworkTests.swift in Sources */ = {isa = PBXBuildFile; fileRef = 8F0EC0142005FF49008D85C8 /* FunctionalHttpNetworkTests.swift */; };
		8F0EC033200600D3008D85C8 /* Assets.xcassets in Resources */ = {isa = PBXBuildFile; fileRef = 8F0EC028200600D2008D85C8 /* Assets.xcassets */; };
		8F0EC034200600D3008D85C8 /* LaunchScreen.storyboard in Resources */ = {isa = PBXBuildFile; fileRef = 8F0EC029200600D2008D85C8 /* LaunchScreen.storyboard */; };
		8F0EC035200600D3008D85C8 /* Main.storyboard in Resources */ = {isa = PBXBuildFile; fileRef = 8F0EC02B200600D2008D85C8 /* Main.storyboard */; };
		8F0EC037200600D3008D85C8 /* ViewController.swift in Sources */ = {isa = PBXBuildFile; fileRef = 8F0EC030200600D2008D85C8 /* ViewController.swift */; };
		8F0EC038200600D3008D85C8 /* AppDelegate.swift in Sources */ = {isa = PBXBuildFile; fileRef = 8F0EC032200600D2008D85C8 /* AppDelegate.swift */; };
		8F0EC03B200606AA008D85C8 /* ApiResource.swift in Sources */ = {isa = PBXBuildFile; fileRef = 8F0EC03A200606AA008D85C8 /* ApiResource.swift */; };
		8F0EC03E200624A0008D85C8 /* Future.swift in Sources */ = {isa = PBXBuildFile; fileRef = 8F0EC03D200624A0008D85C8 /* Future.swift */; };
		8F1A5B2E200786AA005997F6 /* LogLevel.swift in Sources */ = {isa = PBXBuildFile; fileRef = 8F1A5B2D200786AA005997F6 /* LogLevel.swift */; };
		8F1A5B30200787DF005997F6 /* ApiResponse.swift in Sources */ = {isa = PBXBuildFile; fileRef = 8F1A5B2F200787DF005997F6 /* ApiResponse.swift */; };
		8F9D577420AC26810032BE69 /* Result.swift in Sources */ = {isa = PBXBuildFile; fileRef = 8F9D577320AC26810032BE69 /* Result.swift */; };
		8F9D577620AC29840032BE69 /* Logger.swift in Sources */ = {isa = PBXBuildFile; fileRef = 8F9D577520AC29840032BE69 /* Logger.swift */; };
		D49772A720A8A9F9009B9D0E /* NetworkSession.swift in Sources */ = {isa = PBXBuildFile; fileRef = D49772A620A8A9F9009B9D0E /* NetworkSession.swift */; };
/* End PBXBuildFile section */

/* Begin PBXContainerItemProxy section */
		8F0EC0112005FF49008D85C8 /* PBXContainerItemProxy */ = {
			isa = PBXContainerItemProxy;
			containerPortal = 8F0EBFF42005FF49008D85C8 /* Project object */;
			proxyType = 1;
			remoteGlobalIDString = 8F0EBFFB2005FF49008D85C8;
			remoteInfo = FunctionalHttpNetwork;
		};
/* End PBXContainerItemProxy section */

/* Begin PBXFileReference section */
		8F0EBFFC2005FF49008D85C8 /* FunctionalHttpNetwork.app */ = {isa = PBXFileReference; explicitFileType = wrapper.application; includeInIndex = 0; path = FunctionalHttpNetwork.app; sourceTree = BUILT_PRODUCTS_DIR; };
		8F0EC0102005FF49008D85C8 /* FunctionalHttpNetworkTests.xctest */ = {isa = PBXFileReference; explicitFileType = wrapper.cfbundle; includeInIndex = 0; path = FunctionalHttpNetworkTests.xctest; sourceTree = BUILT_PRODUCTS_DIR; };
		8F0EC0142005FF49008D85C8 /* FunctionalHttpNetworkTests.swift */ = {isa = PBXFileReference; lastKnownFileType = sourcecode.swift; path = FunctionalHttpNetworkTests.swift; sourceTree = "<group>"; };
		8F0EC0162005FF49008D85C8 /* Info.plist */ = {isa = PBXFileReference; lastKnownFileType = text.plist.xml; path = Info.plist; sourceTree = "<group>"; };
		8F0EC028200600D2008D85C8 /* Assets.xcassets */ = {isa = PBXFileReference; lastKnownFileType = folder.assetcatalog; path = Assets.xcassets; sourceTree = "<group>"; };
		8F0EC02A200600D2008D85C8 /* Base */ = {isa = PBXFileReference; lastKnownFileType = file.storyboard; name = Base; path = Base.lproj/LaunchScreen.storyboard; sourceTree = "<group>"; };
		8F0EC02C200600D2008D85C8 /* Base */ = {isa = PBXFileReference; lastKnownFileType = file.storyboard; name = Base; path = Base.lproj/Main.storyboard; sourceTree = "<group>"; };
		8F0EC02D200600D2008D85C8 /* Info.plist */ = {isa = PBXFileReference; fileEncoding = 4; lastKnownFileType = text.plist.xml; path = Info.plist; sourceTree = "<group>"; };
		8F0EC030200600D2008D85C8 /* ViewController.swift */ = {isa = PBXFileReference; fileEncoding = 4; lastKnownFileType = sourcecode.swift; path = ViewController.swift; sourceTree = "<group>"; };
		8F0EC032200600D2008D85C8 /* AppDelegate.swift */ = {isa = PBXFileReference; fileEncoding = 4; lastKnownFileType = sourcecode.swift; path = AppDelegate.swift; sourceTree = "<group>"; };
		8F0EC03A200606AA008D85C8 /* ApiResource.swift */ = {isa = PBXFileReference; lastKnownFileType = sourcecode.swift; path = ApiResource.swift; sourceTree = "<group>"; };
		8F0EC03D200624A0008D85C8 /* Future.swift */ = {isa = PBXFileReference; lastKnownFileType = sourcecode.swift; path = Future.swift; sourceTree = "<group>"; };
		8F1A5B2D200786AA005997F6 /* LogLevel.swift */ = {isa = PBXFileReference; lastKnownFileType = sourcecode.swift; path = LogLevel.swift; sourceTree = "<group>"; };
		8F1A5B2F200787DF005997F6 /* ApiResponse.swift */ = {isa = PBXFileReference; lastKnownFileType = sourcecode.swift; path = ApiResponse.swift; sourceTree = "<group>"; };
		8F9D577320AC26810032BE69 /* Result.swift */ = {isa = PBXFileReference; lastKnownFileType = sourcecode.swift; path = Result.swift; sourceTree = "<group>"; };
		8F9D577520AC29840032BE69 /* Logger.swift */ = {isa = PBXFileReference; lastKnownFileType = sourcecode.swift; path = Logger.swift; sourceTree = "<group>"; };
		D49772A620A8A9F9009B9D0E /* NetworkSession.swift */ = {isa = PBXFileReference; lastKnownFileType = sourcecode.swift; path = NetworkSession.swift; sourceTree = "<group>"; };
/* End PBXFileReference section */

/* Begin PBXFrameworksBuildPhase section */
		8F0EBFF92005FF49008D85C8 /* Frameworks */ = {
			isa = PBXFrameworksBuildPhase;
			buildActionMask = 2147483647;
			files = (
			);
			runOnlyForDeploymentPostprocessing = 0;
		};
		8F0EC00D2005FF49008D85C8 /* Frameworks */ = {
			isa = PBXFrameworksBuildPhase;
			buildActionMask = 2147483647;
			files = (
			);
			runOnlyForDeploymentPostprocessing = 0;
		};
/* End PBXFrameworksBuildPhase section */

/* Begin PBXGroup section */
		8F0EBFF32005FF49008D85C8 = {
			isa = PBXGroup;
			children = (
				8F0EBFFE2005FF49008D85C8 /* FunctionalHttpNetwork */,
				8F0EC0132005FF49008D85C8 /* FunctionalHttpNetworkTests */,
				8F0EBFFD2005FF49008D85C8 /* Products */,
			);
			sourceTree = "<group>";
		};
		8F0EBFFD2005FF49008D85C8 /* Products */ = {
			isa = PBXGroup;
			children = (
				8F0EBFFC2005FF49008D85C8 /* FunctionalHttpNetwork.app */,
				8F0EC0102005FF49008D85C8 /* FunctionalHttpNetworkTests.xctest */,
			);
			name = Products;
			sourceTree = "<group>";
		};
		8F0EBFFE2005FF49008D85C8 /* FunctionalHttpNetwork */ = {
			isa = PBXGroup;
			children = (
				8F0EC031200600D2008D85C8 /* AppDelegate */,
				8F0EC02F200600D2008D85C8 /* Home */,
				8F0EC02E200600D2008D85C8 /* HttpNetwork */,
				8F0EC027200600D2008D85C8 /* Resources */,
			);
			path = FunctionalHttpNetwork;
			sourceTree = "<group>";
		};
		8F0EC0132005FF49008D85C8 /* FunctionalHttpNetworkTests */ = {
			isa = PBXGroup;
			children = (
				8F0EC0142005FF49008D85C8 /* FunctionalHttpNetworkTests.swift */,
				8F0EC0162005FF49008D85C8 /* Info.plist */,
			);
			path = FunctionalHttpNetworkTests;
			sourceTree = "<group>";
		};
		8F0EC027200600D2008D85C8 /* Resources */ = {
			isa = PBXGroup;
			children = (
				8F0EC028200600D2008D85C8 /* Assets.xcassets */,
				8F0EC029200600D2008D85C8 /* LaunchScreen.storyboard */,
				8F0EC02B200600D2008D85C8 /* Main.storyboard */,
				8F0EC02D200600D2008D85C8 /* Info.plist */,
			);
			path = Resources;
			sourceTree = "<group>";
		};
		8F0EC02E200600D2008D85C8 /* HttpNetwork */ = {
			isa = PBXGroup;
			children = (
				D49772A520A8A9DE009B9D0E /* Session */,
				8F1A5B2C20078689005997F6 /* Commons */,
				8F0EC03C20062023008D85C8 /* Future */,
				8F0EC0392006067A008D85C8 /* APIProtocols */,
			);
			path = HttpNetwork;
			sourceTree = "<group>";
		};
		8F0EC02F200600D2008D85C8 /* Home */ = {
			isa = PBXGroup;
			children = (
				8F0EC030200600D2008D85C8 /* ViewController.swift */,
			);
			path = Home;
			sourceTree = "<group>";
		};
		8F0EC031200600D2008D85C8 /* AppDelegate */ = {
			isa = PBXGroup;
			children = (
				8F0EC032200600D2008D85C8 /* AppDelegate.swift */,
			);
			path = AppDelegate;
			sourceTree = "<group>";
		};
		8F0EC0392006067A008D85C8 /* APIProtocols */ = {
			isa = PBXGroup;
			children = (
				8F0EC03A200606AA008D85C8 /* ApiResource.swift */,
				8F1A5B2F200787DF005997F6 /* ApiResponse.swift */,
			);
			path = APIProtocols;
			sourceTree = "<group>";
		};
		8F0EC03C20062023008D85C8 /* Future */ = {
			isa = PBXGroup;
			children = (
				8F0EC03D200624A0008D85C8 /* Future.swift */,
			);
			path = Future;
			sourceTree = "<group>";
		};
		8F1A5B2C20078689005997F6 /* Commons */ = {
			isa = PBXGroup;
			children = (
				8F1A5B2D200786AA005997F6 /* LogLevel.swift */,
				8F9D577320AC26810032BE69 /* Result.swift */,
				8F9D577520AC29840032BE69 /* Logger.swift */,
			);
			path = Commons;
			sourceTree = "<group>";
		};
		D49772A520A8A9DE009B9D0E /* Session */ = {
			isa = PBXGroup;
			children = (
				D49772A620A8A9F9009B9D0E /* NetworkSession.swift */,
			);
			path = Session;
			sourceTree = "<group>";
		};
/* End PBXGroup section */

/* Begin PBXNativeTarget section */
		8F0EBFFB2005FF49008D85C8 /* FunctionalHttpNetwork */ = {
			isa = PBXNativeTarget;
			buildConfigurationList = 8F0EC0192005FF49008D85C8 /* Build configuration list for PBXNativeTarget "FunctionalHttpNetwork" */;
			buildPhases = (
				8F0EBFF82005FF49008D85C8 /* Sources */,
				8F0EBFF92005FF49008D85C8 /* Frameworks */,
				8F0EBFFA2005FF49008D85C8 /* Resources */,
			);
			buildRules = (
			);
			dependencies = (
			);
			name = FunctionalHttpNetwork;
			productName = FunctionalHttpNetwork;
			productReference = 8F0EBFFC2005FF49008D85C8 /* FunctionalHttpNetwork.app */;
			productType = "com.apple.product-type.application";
		};
		8F0EC00F2005FF49008D85C8 /* FunctionalHttpNetworkTests */ = {
			isa = PBXNativeTarget;
			buildConfigurationList = 8F0EC01C2005FF49008D85C8 /* Build configuration list for PBXNativeTarget "FunctionalHttpNetworkTests" */;
			buildPhases = (
				8F0EC00C2005FF49008D85C8 /* Sources */,
				8F0EC00D2005FF49008D85C8 /* Frameworks */,
				8F0EC00E2005FF49008D85C8 /* Resources */,
			);
			buildRules = (
			);
			dependencies = (
				8F0EC0122005FF49008D85C8 /* PBXTargetDependency */,
			);
			name = FunctionalHttpNetworkTests;
			productName = FunctionalHttpNetworkTests;
			productReference = 8F0EC0102005FF49008D85C8 /* FunctionalHttpNetworkTests.xctest */;
			productType = "com.apple.product-type.bundle.unit-test";
		};
/* End PBXNativeTarget section */

/* Begin PBXProject section */
		8F0EBFF42005FF49008D85C8 /* Project object */ = {
			isa = PBXProject;
			attributes = {
				LastSwiftUpdateCheck = 0920;
				LastUpgradeCheck = 0930;
				ORGANIZATIONNAME = cmvicentehe;
				TargetAttributes = {
					8F0EBFFB2005FF49008D85C8 = {
						CreatedOnToolsVersion = 9.2;
						ProvisioningStyle = Automatic;
					};
					8F0EC00F2005FF49008D85C8 = {
						CreatedOnToolsVersion = 9.2;
						ProvisioningStyle = Automatic;
						TestTargetID = 8F0EBFFB2005FF49008D85C8;
					};
				};
			};
			buildConfigurationList = 8F0EBFF72005FF49008D85C8 /* Build configuration list for PBXProject "FunctionalHttpNetwork" */;
			compatibilityVersion = "Xcode 8.0";
			developmentRegion = en;
			hasScannedForEncodings = 0;
			knownRegions = (
				en,
				Base,
			);
			mainGroup = 8F0EBFF32005FF49008D85C8;
			productRefGroup = 8F0EBFFD2005FF49008D85C8 /* Products */;
			projectDirPath = "";
			projectRoot = "";
			targets = (
				8F0EBFFB2005FF49008D85C8 /* FunctionalHttpNetwork */,
				8F0EC00F2005FF49008D85C8 /* FunctionalHttpNetworkTests */,
			);
		};
/* End PBXProject section */

/* Begin PBXResourcesBuildPhase section */
		8F0EBFFA2005FF49008D85C8 /* Resources */ = {
			isa = PBXResourcesBuildPhase;
			buildActionMask = 2147483647;
			files = (
				8F0EC035200600D3008D85C8 /* Main.storyboard in Resources */,
				8F0EC033200600D3008D85C8 /* Assets.xcassets in Resources */,
				8F0EC034200600D3008D85C8 /* LaunchScreen.storyboard in Resources */,
			);
			runOnlyForDeploymentPostprocessing = 0;
		};
		8F0EC00E2005FF49008D85C8 /* Resources */ = {
			isa = PBXResourcesBuildPhase;
			buildActionMask = 2147483647;
			files = (
			);
			runOnlyForDeploymentPostprocessing = 0;
		};
/* End PBXResourcesBuildPhase section */

/* Begin PBXSourcesBuildPhase section */
		8F0EBFF82005FF49008D85C8 /* Sources */ = {
			isa = PBXSourcesBuildPhase;
			buildActionMask = 2147483647;
			files = (
				D49772A720A8A9F9009B9D0E /* NetworkSession.swift in Sources */,
				8F0EC038200600D3008D85C8 /* AppDelegate.swift in Sources */,
				8F0EC037200600D3008D85C8 /* ViewController.swift in Sources */,
				8F0EC03E200624A0008D85C8 /* Future.swift in Sources */,
				8F9D577620AC29840032BE69 /* Logger.swift in Sources */,
				8F1A5B30200787DF005997F6 /* ApiResponse.swift in Sources */,
				8F1A5B2E200786AA005997F6 /* LogLevel.swift in Sources */,
				8F9D577420AC26810032BE69 /* Result.swift in Sources */,
				8F0EC03B200606AA008D85C8 /* ApiResource.swift in Sources */,
			);
			runOnlyForDeploymentPostprocessing = 0;
		};
		8F0EC00C2005FF49008D85C8 /* Sources */ = {
			isa = PBXSourcesBuildPhase;
			buildActionMask = 2147483647;
			files = (
				8F0EC0152005FF49008D85C8 /* FunctionalHttpNetworkTests.swift in Sources */,
			);
			runOnlyForDeploymentPostprocessing = 0;
		};
/* End PBXSourcesBuildPhase section */

/* Begin PBXTargetDependency section */
		8F0EC0122005FF49008D85C8 /* PBXTargetDependency */ = {
			isa = PBXTargetDependency;
			target = 8F0EBFFB2005FF49008D85C8 /* FunctionalHttpNetwork */;
			targetProxy = 8F0EC0112005FF49008D85C8 /* PBXContainerItemProxy */;
		};
/* End PBXTargetDependency section */

/* Begin PBXVariantGroup section */
		8F0EC029200600D2008D85C8 /* LaunchScreen.storyboard */ = {
			isa = PBXVariantGroup;
			children = (
				8F0EC02A200600D2008D85C8 /* Base */,
			);
			name = LaunchScreen.storyboard;
			sourceTree = "<group>";
		};
		8F0EC02B200600D2008D85C8 /* Main.storyboard */ = {
			isa = PBXVariantGroup;
			children = (
				8F0EC02C200600D2008D85C8 /* Base */,
			);
			name = Main.storyboard;
			sourceTree = "<group>";
		};
/* End PBXVariantGroup section */

/* Begin XCBuildConfiguration section */
		8F0EC0172005FF49008D85C8 /* Debug */ = {
			isa = XCBuildConfiguration;
			buildSettings = {
				ALWAYS_SEARCH_USER_PATHS = NO;
				CLANG_ANALYZER_NONNULL = YES;
				CLANG_ANALYZER_NUMBER_OBJECT_CONVERSION = YES_AGGRESSIVE;
				CLANG_CXX_LANGUAGE_STANDARD = "gnu++14";
				CLANG_CXX_LIBRARY = "libc++";
				CLANG_ENABLE_MODULES = YES;
				CLANG_ENABLE_OBJC_ARC = YES;
				CLANG_WARN_BLOCK_CAPTURE_AUTORELEASING = YES;
				CLANG_WARN_BOOL_CONVERSION = YES;
				CLANG_WARN_COMMA = YES;
				CLANG_WARN_CONSTANT_CONVERSION = YES;
				CLANG_WARN_DEPRECATED_OBJC_IMPLEMENTATIONS = YES;
				CLANG_WARN_DIRECT_OBJC_ISA_USAGE = YES_ERROR;
				CLANG_WARN_DOCUMENTATION_COMMENTS = YES;
				CLANG_WARN_EMPTY_BODY = YES;
				CLANG_WARN_ENUM_CONVERSION = YES;
				CLANG_WARN_INFINITE_RECURSION = YES;
				CLANG_WARN_INT_CONVERSION = YES;
				CLANG_WARN_NON_LITERAL_NULL_CONVERSION = YES;
				CLANG_WARN_OBJC_IMPLICIT_RETAIN_SELF = YES;
				CLANG_WARN_OBJC_LITERAL_CONVERSION = YES;
				CLANG_WARN_OBJC_ROOT_CLASS = YES_ERROR;
				CLANG_WARN_RANGE_LOOP_ANALYSIS = YES;
				CLANG_WARN_STRICT_PROTOTYPES = YES;
				CLANG_WARN_SUSPICIOUS_MOVE = YES;
				CLANG_WARN_UNGUARDED_AVAILABILITY = YES_AGGRESSIVE;
				CLANG_WARN_UNREACHABLE_CODE = YES;
				CLANG_WARN__DUPLICATE_METHOD_MATCH = YES;
				CODE_SIGN_IDENTITY = "iPhone Developer";
				COPY_PHASE_STRIP = NO;
				DEBUG_INFORMATION_FORMAT = dwarf;
				ENABLE_STRICT_OBJC_MSGSEND = YES;
				ENABLE_TESTABILITY = YES;
				GCC_C_LANGUAGE_STANDARD = gnu11;
				GCC_DYNAMIC_NO_PIC = NO;
				GCC_NO_COMMON_BLOCKS = YES;
				GCC_OPTIMIZATION_LEVEL = 0;
				GCC_PREPROCESSOR_DEFINITIONS = (
					"DEBUG=1",
					"$(inherited)",
				);
				GCC_WARN_64_TO_32_BIT_CONVERSION = YES;
				GCC_WARN_ABOUT_RETURN_TYPE = YES_ERROR;
				GCC_WARN_UNDECLARED_SELECTOR = YES;
				GCC_WARN_UNINITIALIZED_AUTOS = YES_AGGRESSIVE;
				GCC_WARN_UNUSED_FUNCTION = YES;
				GCC_WARN_UNUSED_VARIABLE = YES;
				IPHONEOS_DEPLOYMENT_TARGET = 9.0;
				MTL_ENABLE_DEBUG_INFO = YES;
				ONLY_ACTIVE_ARCH = YES;
				SDKROOT = iphoneos;
				SWIFT_ACTIVE_COMPILATION_CONDITIONS = DEBUG;
				SWIFT_OPTIMIZATION_LEVEL = "-Onone";
			};
			name = Debug;
		};
		8F0EC0182005FF49008D85C8 /* Release */ = {
			isa = XCBuildConfiguration;
			buildSettings = {
				ALWAYS_SEARCH_USER_PATHS = NO;
				CLANG_ANALYZER_NONNULL = YES;
				CLANG_ANALYZER_NUMBER_OBJECT_CONVERSION = YES_AGGRESSIVE;
				CLANG_CXX_LANGUAGE_STANDARD = "gnu++14";
				CLANG_CXX_LIBRARY = "libc++";
				CLANG_ENABLE_MODULES = YES;
				CLANG_ENABLE_OBJC_ARC = YES;
				CLANG_WARN_BLOCK_CAPTURE_AUTORELEASING = YES;
				CLANG_WARN_BOOL_CONVERSION = YES;
				CLANG_WARN_COMMA = YES;
				CLANG_WARN_CONSTANT_CONVERSION = YES;
				CLANG_WARN_DEPRECATED_OBJC_IMPLEMENTATIONS = YES;
				CLANG_WARN_DIRECT_OBJC_ISA_USAGE = YES_ERROR;
				CLANG_WARN_DOCUMENTATION_COMMENTS = YES;
				CLANG_WARN_EMPTY_BODY = YES;
				CLANG_WARN_ENUM_CONVERSION = YES;
				CLANG_WARN_INFINITE_RECURSION = YES;
				CLANG_WARN_INT_CONVERSION = YES;
				CLANG_WARN_NON_LITERAL_NULL_CONVERSION = YES;
				CLANG_WARN_OBJC_IMPLICIT_RETAIN_SELF = YES;
				CLANG_WARN_OBJC_LITERAL_CONVERSION = YES;
				CLANG_WARN_OBJC_ROOT_CLASS = YES_ERROR;
				CLANG_WARN_RANGE_LOOP_ANALYSIS = YES;
				CLANG_WARN_STRICT_PROTOTYPES = YES;
				CLANG_WARN_SUSPICIOUS_MOVE = YES;
				CLANG_WARN_UNGUARDED_AVAILABILITY = YES_AGGRESSIVE;
				CLANG_WARN_UNREACHABLE_CODE = YES;
				CLANG_WARN__DUPLICATE_METHOD_MATCH = YES;
				CODE_SIGN_IDENTITY = "iPhone Developer";
				COPY_PHASE_STRIP = NO;
				DEBUG_INFORMATION_FORMAT = "dwarf-with-dsym";
				ENABLE_NS_ASSERTIONS = NO;
				ENABLE_STRICT_OBJC_MSGSEND = YES;
				GCC_C_LANGUAGE_STANDARD = gnu11;
				GCC_NO_COMMON_BLOCKS = YES;
				GCC_WARN_64_TO_32_BIT_CONVERSION = YES;
				GCC_WARN_ABOUT_RETURN_TYPE = YES_ERROR;
				GCC_WARN_UNDECLARED_SELECTOR = YES;
				GCC_WARN_UNINITIALIZED_AUTOS = YES_AGGRESSIVE;
				GCC_WARN_UNUSED_FUNCTION = YES;
				GCC_WARN_UNUSED_VARIABLE = YES;
				IPHONEOS_DEPLOYMENT_TARGET = 9.0;
				MTL_ENABLE_DEBUG_INFO = NO;
				SDKROOT = iphoneos;
				SWIFT_OPTIMIZATION_LEVEL = "-Owholemodule";
				VALIDATE_PRODUCT = YES;
			};
			name = Release;
		};
		8F0EC01A2005FF49008D85C8 /* Debug */ = {
			isa = XCBuildConfiguration;
			buildSettings = {
				ASSETCATALOG_COMPILER_APPICON_NAME = AppIcon;
				CODE_SIGN_STYLE = Automatic;
				DEVELOPMENT_TEAM = PY2HS9FGVN;
				INFOPLIST_FILE = FunctionalHttpNetwork/Resources/Info.plist;
				LD_RUNPATH_SEARCH_PATHS = "$(inherited) @executable_path/Frameworks";
				PRODUCT_BUNDLE_IDENTIFIER = com.functionalNetworkCommunication.FunctionalHttpNetwork;
				PRODUCT_NAME = "$(TARGET_NAME)";
				SWIFT_VERSION = 4.0;
				TARGETED_DEVICE_FAMILY = "1,2";
			};
			name = Debug;
		};
		8F0EC01B2005FF49008D85C8 /* Release */ = {
			isa = XCBuildConfiguration;
			buildSettings = {
				ASSETCATALOG_COMPILER_APPICON_NAME = AppIcon;
				CODE_SIGN_STYLE = Automatic;
				DEVELOPMENT_TEAM = PY2HS9FGVN;
				INFOPLIST_FILE = FunctionalHttpNetwork/Resources/Info.plist;
				LD_RUNPATH_SEARCH_PATHS = "$(inherited) @executable_path/Frameworks";
				PRODUCT_BUNDLE_IDENTIFIER = com.functionalNetworkCommunication.FunctionalHttpNetwork;
				PRODUCT_NAME = "$(TARGET_NAME)";
				SWIFT_VERSION = 4.0;
				TARGETED_DEVICE_FAMILY = "1,2";
			};
			name = Release;
		};
		8F0EC01D2005FF49008D85C8 /* Debug */ = {
			isa = XCBuildConfiguration;
			buildSettings = {
				ALWAYS_EMBED_SWIFT_STANDARD_LIBRARIES = YES;
				BUNDLE_LOADER = "$(TEST_HOST)";
				CODE_SIGN_STYLE = Automatic;
				DEVELOPMENT_TEAM = PY2HS9FGVN;
				INFOPLIST_FILE = FunctionalHttpNetworkTests/Info.plist;
				LD_RUNPATH_SEARCH_PATHS = "$(inherited) @executable_path/Frameworks @loader_path/Frameworks";
				PRODUCT_BUNDLE_IDENTIFIER = com.functionalNetworkCommunication.FunctionalHttpNetworkTests;
				PRODUCT_NAME = "$(TARGET_NAME)";
				SWIFT_VERSION = 4.0;
				TARGETED_DEVICE_FAMILY = "1,2";
				TEST_HOST = "$(BUILT_PRODUCTS_DIR)/FunctionalHttpNetwork.app/FunctionalHttpNetwork";
			};
			name = Debug;
		};
		8F0EC01E2005FF49008D85C8 /* Release */ = {
			isa = XCBuildConfiguration;
			buildSettings = {
				ALWAYS_EMBED_SWIFT_STANDARD_LIBRARIES = YES;
				BUNDLE_LOADER = "$(TEST_HOST)";
				CODE_SIGN_STYLE = Automatic;
				DEVELOPMENT_TEAM = PY2HS9FGVN;
				INFOPLIST_FILE = FunctionalHttpNetworkTests/Info.plist;
				LD_RUNPATH_SEARCH_PATHS = "$(inherited) @executable_path/Frameworks @loader_path/Frameworks";
				PRODUCT_BUNDLE_IDENTIFIER = com.functionalNetworkCommunication.FunctionalHttpNetworkTests;
				PRODUCT_NAME = "$(TARGET_NAME)";
				SWIFT_VERSION = 4.0;
				TARGETED_DEVICE_FAMILY = "1,2";
				TEST_HOST = "$(BUILT_PRODUCTS_DIR)/FunctionalHttpNetwork.app/FunctionalHttpNetwork";
			};
			name = Release;
		};
/* End XCBuildConfiguration section */

/* Begin XCConfigurationList section */
		8F0EBFF72005FF49008D85C8 /* Build configuration list for PBXProject "FunctionalHttpNetwork" */ = {
			isa = XCConfigurationList;
			buildConfigurations = (
				8F0EC0172005FF49008D85C8 /* Debug */,
				8F0EC0182005FF49008D85C8 /* Release */,
			);
			defaultConfigurationIsVisible = 0;
			defaultConfigurationName = Release;
		};
		8F0EC0192005FF49008D85C8 /* Build configuration list for PBXNativeTarget "FunctionalHttpNetwork" */ = {
			isa = XCConfigurationList;
			buildConfigurations = (
				8F0EC01A2005FF49008D85C8 /* Debug */,
				8F0EC01B2005FF49008D85C8 /* Release */,
			);
			defaultConfigurationIsVisible = 0;
			defaultConfigurationName = Release;
		};
		8F0EC01C2005FF49008D85C8 /* Build configuration list for PBXNativeTarget "FunctionalHttpNetworkTests" */ = {
			isa = XCConfigurationList;
			buildConfigurations = (
				8F0EC01D2005FF49008D85C8 /* Debug */,
				8F0EC01E2005FF49008D85C8 /* Release */,
			);
			defaultConfigurationIsVisible = 0;
			defaultConfigurationName = Release;
		};
/* End XCConfigurationList section */
	};
	rootObject = 8F0EBFF42005FF49008D85C8 /* Project object */;
}
